// !$*UTF8*$!
{
	archiveVersion = 1;
	classes = {
	};
	objectVersion = 50;
	objects = {

/* Begin PBXBuildFile section */
		13BF05C42489B91A00EBB375 /* AppDelegate.swift in Sources */ = {isa = PBXBuildFile; fileRef = 13BF05C32489B91A00EBB375 /* AppDelegate.swift */; };
		13BF05C62489B91A00EBB375 /* SceneDelegate.swift in Sources */ = {isa = PBXBuildFile; fileRef = 13BF05C52489B91A00EBB375 /* SceneDelegate.swift */; };
		13BF05C82489B91A00EBB375 /* ContentView.swift in Sources */ = {isa = PBXBuildFile; fileRef = 13BF05C72489B91A00EBB375 /* ContentView.swift */; };
		13BF05CA2489B91E00EBB375 /* Assets.xcassets in Resources */ = {isa = PBXBuildFile; fileRef = 13BF05C92489B91E00EBB375 /* Assets.xcassets */; };
		13BF05CD2489B91E00EBB375 /* Preview Assets.xcassets in Resources */ = {isa = PBXBuildFile; fileRef = 13BF05CC2489B91E00EBB375 /* Preview Assets.xcassets */; };
		13BF05D02489B91E00EBB375 /* LaunchScreen.storyboard in Resources */ = {isa = PBXBuildFile; fileRef = 13BF05CE2489B91E00EBB375 /* LaunchScreen.storyboard */; };
/* End PBXBuildFile section */

/* Begin PBXFileReference section */
		13BF05C02489B91A00EBB375 /* SwiftUICharts.app */ = {isa = PBXFileReference; explicitFileType = wrapper.application; includeInIndex = 0; path = SwiftUICharts.app; sourceTree = BUILT_PRODUCTS_DIR; };
		13BF05C32489B91A00EBB375 /* AppDelegate.swift */ = {isa = PBXFileReference; lastKnownFileType = sourcecode.swift; path = AppDelegate.swift; sourceTree = "<group>"; };
		13BF05C52489B91A00EBB375 /* SceneDelegate.swift */ = {isa = PBXFileReference; lastKnownFileType = sourcecode.swift; path = SceneDelegate.swift; sourceTree = "<group>"; };
		13BF05C72489B91A00EBB375 /* ContentView.swift */ = {isa = PBXFileReference; lastKnownFileType = sourcecode.swift; path = ContentView.swift; sourceTree = "<group>"; };
		13BF05C92489B91E00EBB375 /* Assets.xcassets */ = {isa = PBXFileReference; lastKnownFileType = folder.assetcatalog; path = Assets.xcassets; sourceTree = "<group>"; };
		13BF05CC2489B91E00EBB375 /* Preview Assets.xcassets */ = {isa = PBXFileReference; lastKnownFileType = folder.assetcatalog; path = "Preview Assets.xcassets"; sourceTree = "<group>"; };
		13BF05CF2489B91E00EBB375 /* Base */ = {isa = PBXFileReference; lastKnownFileType = file.storyboard; name = Base; path = Base.lproj/LaunchScreen.storyboard; sourceTree = "<group>"; };
		13BF05D12489B91E00EBB375 /* Info.plist */ = {isa = PBXFileReference; lastKnownFileType = text.plist.xml; path = Info.plist; sourceTree = "<group>"; };
/* End PBXFileReference section */

/* Begin PBXFrameworksBuildPhase section */
		13BF05BD2489B91A00EBB375 /* Frameworks */ = {
			isa = PBXFrameworksBuildPhase;
			buildActionMask = 2147483647;
			files = (
			);
			runOnlyForDeploymentPostprocessing = 0;
		};
/* End PBXFrameworksBuildPhase section */

/* Begin PBXGroup section */
		13BF05B72489B91A00EBB375 = {
			isa = PBXGroup;
			children = (
				13BF05C22489B91A00EBB375 /* SwiftUICharts */,
				13BF05C12489B91A00EBB375 /* Products */,
			);
			sourceTree = "<group>";
		};
		13BF05C12489B91A00EBB375 /* Products */ = {
			isa = PBXGroup;
			children = (
				13BF05C02489B91A00EBB375 /* SwiftUICharts.app */,
			);
			name = Products;
			sourceTree = "<group>";
		};
		13BF05C22489B91A00EBB375 /* SwiftUICharts */ = {
			isa = PBXGroup;
			children = (
				13BF05C32489B91A00EBB375 /* AppDelegate.swift */,
				13BF05C52489B91A00EBB375 /* SceneDelegate.swift */,
				13BF05C72489B91A00EBB375 /* ContentView.swift */,
				13BF05C92489B91E00EBB375 /* Assets.xcassets */,
				13BF05CE2489B91E00EBB375 /* LaunchScreen.storyboard */,
				13BF05D12489B91E00EBB375 /* Info.plist */,
				13BF05CB2489B91E00EBB375 /* Preview Content */,
			);
			path = SwiftUICharts;
			sourceTree = "<group>";
		};
		13BF05CB2489B91E00EBB375 /* Preview Content */ = {
			isa = PBXGroup;
			children = (
				13BF05CC2489B91E00EBB375 /* Preview Assets.xcassets */,
			);
			path = "Preview Content";
			sourceTree = "<group>";
		};
/* End PBXGroup section */

/* Begin PBXNativeTarget section */
		13BF05BF2489B91A00EBB375 /* SwiftUICharts */ = {
			isa = PBXNativeTarget;
			buildConfigurationList = 13BF05D42489B91E00EBB375 /* Build configuration list for PBXNativeTarget "SwiftUICharts" */;
			buildPhases = (
				13BF05BC2489B91A00EBB375 /* Sources */,
				13BF05BD2489B91A00EBB375 /* Frameworks */,
				13BF05BE2489B91A00EBB375 /* Resources */,
			);
			buildRules = (
			);
			dependencies = (
			);
			name = SwiftUICharts;
			productName = SwiftUICharts;
			productReference = 13BF05C02489B91A00EBB375 /* SwiftUICharts.app */;
			productType = "com.apple.product-type.application";
		};
/* End PBXNativeTarget section */

/* Begin PBXProject section */
		13BF05B82489B91A00EBB375 /* Project object */ = {
			isa = PBXProject;
			attributes = {
				LastSwiftUpdateCheck = 1140;
				LastUpgradeCheck = 1140;
				ORGANIZATIONNAME = jiho;
				TargetAttributes = {
					13BF05BF2489B91A00EBB375 = {
						CreatedOnToolsVersion = 11.4.1;
					};
				};
			};
			buildConfigurationList = 13BF05BB2489B91A00EBB375 /* Build configuration list for PBXProject "SwiftUICharts" */;
			compatibilityVersion = "Xcode 9.3";
			developmentRegion = en;
			hasScannedForEncodings = 0;
			knownRegions = (
				en,
				Base,
			);
			mainGroup = 13BF05B72489B91A00EBB375;
			productRefGroup = 13BF05C12489B91A00EBB375 /* Products */;
			projectDirPath = "";
			projectRoot = "";
			targets = (
				13BF05BF2489B91A00EBB375 /* SwiftUICharts */,
			);
		};
/* End PBXProject section */

/* Begin PBXResourcesBuildPhase section */
		13BF05BE2489B91A00EBB375 /* Resources */ = {
			isa = PBXResourcesBuildPhase;
			buildActionMask = 2147483647;
			files = (
				13BF05D02489B91E00EBB375 /* LaunchScreen.storyboard in Resources */,
				13BF05CD2489B91E00EBB375 /* Preview Assets.xcassets in Resources */,
				13BF05CA2489B91E00EBB375 /* Assets.xcassets in Resources */,
			);
			runOnlyForDeploymentPostprocessing = 0;
		};
/* End PBXResourcesBuildPhase section */

/* Begin PBXSourcesBuildPhase section */
		13BF05BC2489B91A00EBB375 /* Sources */ = {
			isa = PBXSourcesBuildPhase;
			buildActionMask = 2147483647;
			files = (
				13BF05C42489B91A00EBB375 /* AppDelegate.swift in Sources */,
				13BF05C62489B91A00EBB375 /* SceneDelegate.swift in Sources */,
				13BF05C82489B91A00EBB375 /* ContentView.swift in Sources */,
			);
			runOnlyForDeploymentPostprocessing = 0;
		};
/* End PBXSourcesBuildPhase section */

/* Begin PBXVariantGroup section */
		13BF05CE2489B91E00EBB375 /* LaunchScreen.storyboard */ = {
			isa = PBXVariantGroup;
			children = (
				13BF05CF2489B91E00EBB375 /* Base */,
			);
			name = LaunchScreen.storyboard;
			sourceTree = "<group>";
		};
/* End PBXVariantGroup section */

/* Begin XCBuildConfiguration section */
		13BF05D22489B91E00EBB375 /* Debug */ = {
			isa = XCBuildConfiguration;
			buildSettings = {
				ALWAYS_SEARCH_USER_PATHS = NO;
				CLANG_ANALYZER_NONNULL = YES;
				CLANG_ANALYZER_NUMBER_OBJECT_CONVERSION = YES_AGGRESSIVE;
				CLANG_CXX_LANGUAGE_STANDARD = "gnu++14";
				CLANG_CXX_LIBRARY = "libc++";
				CLANG_ENABLE_MODULES = YES;
				CLANG_ENABLE_OBJC_ARC = YES;
				CLANG_ENABLE_OBJC_WEAK = YES;
				CLANG_WARN_BLOCK_CAPTURE_AUTORELEASING = YES;
				CLANG_WARN_BOOL_CONVERSION = YES;
				CLANG_WARN_COMMA = YES;
				CLANG_WARN_CONSTANT_CONVERSION = YES;
				CLANG_WARN_DEPRECATED_OBJC_IMPLEMENTATIONS = YES;
				CLANG_WARN_DIRECT_OBJC_ISA_USAGE = YES_ERROR;
				CLANG_WARN_DOCUMENTATION_COMMENTS = YES;
				CLANG_WARN_EMPTY_BODY = YES;
				CLANG_WARN_ENUM_CONVERSION = YES;
				CLANG_WARN_INFINITE_RECURSION = YES;
				CLANG_WARN_INT_CONVERSION = YES;
				CLANG_WARN_NON_LITERAL_NULL_CONVERSION = YES;
				CLANG_WARN_OBJC_IMPLICIT_RETAIN_SELF = YES;
				CLANG_WARN_OBJC_LITERAL_CONVERSION = YES;
				CLANG_WARN_OBJC_ROOT_CLASS = YES_ERROR;
				CLANG_WARN_RANGE_LOOP_ANALYSIS = YES;
				CLANG_WARN_STRICT_PROTOTYPES = YES;
				CLANG_WARN_SUSPICIOUS_MOVE = YES;
				CLANG_WARN_UNGUARDED_AVAILABILITY = YES_AGGRESSIVE;
				CLANG_WARN_UNREACHABLE_CODE = YES;
				CLANG_WARN__DUPLICATE_METHOD_MATCH = YES;
				COPY_PHASE_STRIP = NO;
				DEBUG_INFORMATION_FORMAT = dwarf;
				ENABLE_STRICT_OBJC_MSGSEND = YES;
				ENABLE_TESTABILITY = YES;
				GCC_C_LANGUAGE_STANDARD = gnu11;
				GCC_DYNAMIC_NO_PIC = NO;
				GCC_NO_COMMON_BLOCKS = YES;
				GCC_OPTIMIZATION_LEVEL = 0;
				GCC_PREPROCESSOR_DEFINITIONS = (
					"DEBUG=1",
					"$(inherited)",
				);
				GCC_WARN_64_TO_32_BIT_CONVERSION = YES;
				GCC_WARN_ABOUT_RETURN_TYPE = YES_ERROR;
				GCC_WARN_UNDECLARED_SELECTOR = YES;
				GCC_WARN_UNINITIALIZED_AUTOS = YES_AGGRESSIVE;
				GCC_WARN_UNUSED_FUNCTION = YES;
				GCC_WARN_UNUSED_VARIABLE = YES;
				IPHONEOS_DEPLOYMENT_TARGET = 13.4;
				MTL_ENABLE_DEBUG_INFO = INCLUDE_SOURCE;
				MTL_FAST_MATH = YES;
				ONLY_ACTIVE_ARCH = YES;
				SDKROOT = iphoneos;
				SWIFT_ACTIVE_COMPILATION_CONDITIONS = DEBUG;
				SWIFT_OPTIMIZATION_LEVEL = "-Onone";
			};
			name = Debug;
		};
		13BF05D32489B91E00EBB375 /* Release */ = {
			isa = XCBuildConfiguration;
			buildSettings = {
				ALWAYS_SEARCH_USER_PATHS = NO;
				CLANG_ANALYZER_NONNULL = YES;
				CLANG_ANALYZER_NUMBER_OBJECT_CONVERSION = YES_AGGRESSIVE;
				CLANG_CXX_LANGUAGE_STANDARD = "gnu++14";
				CLANG_CXX_LIBRARY = "libc++";
				CLANG_ENABLE_MODULES = YES;
				CLANG_ENABLE_OBJC_ARC = YES;
				CLANG_ENABLE_OBJC_WEAK = YES;
				CLANG_WARN_BLOCK_CAPTURE_AUTORELEASING = YES;
				CLANG_WARN_BOOL_CONVERSION = YES;
				CLANG_WARN_COMMA = YES;
				CLANG_WARN_CONSTANT_CONVERSION = YES;
				CLANG_WARN_DEPRECATED_OBJC_IMPLEMENTATIONS = YES;
				CLANG_WARN_DIRECT_OBJC_ISA_USAGE = YES_ERROR;
				CLANG_WARN_DOCUMENTATION_COMMENTS = YES;
				CLANG_WARN_EMPTY_BODY = YES;
				CLANG_WARN_ENUM_CONVERSION = YES;
				CLANG_WARN_INFINITE_RECURSION = YES;
				CLANG_WARN_INT_CONVERSION = YES;
				CLANG_WARN_NON_LITERAL_NULL_CONVERSION = YES;
				CLANG_WARN_OBJC_IMPLICIT_RETAIN_SELF = YES;
				CLANG_WARN_OBJC_LITERAL_CONVERSION = YES;
				CLANG_WARN_OBJC_ROOT_CLASS = YES_ERROR;
				CLANG_WARN_RANGE_LOOP_ANALYSIS = YES;
				CLANG_WARN_STRICT_PROTOTYPES = YES;
				CLANG_WARN_SUSPICIOUS_MOVE = YES;
				CLANG_WARN_UNGUARDED_AVAILABILITY = YES_AGGRESSIVE;
				CLANG_WARN_UNREACHABLE_CODE = YES;
				CLANG_WARN__DUPLICATE_METHOD_MATCH = YES;
				COPY_PHASE_STRIP = NO;
				DEBUG_INFORMATION_FORMAT = "dwarf-with-dsym";
				ENABLE_NS_ASSERTIONS = NO;
				ENABLE_STRICT_OBJC_MSGSEND = YES;
				GCC_C_LANGUAGE_STANDARD = gnu11;
				GCC_NO_COMMON_BLOCKS = YES;
				GCC_WARN_64_TO_32_BIT_CONVERSION = YES;
				GCC_WARN_ABOUT_RETURN_TYPE = YES_ERROR;
				GCC_WARN_UNDECLARED_SELECTOR = YES;
				GCC_WARN_UNINITIALIZED_AUTOS = YES_AGGRESSIVE;
				GCC_WARN_UNUSED_FUNCTION = YES;
				GCC_WARN_UNUSED_VARIABLE = YES;
				IPHONEOS_DEPLOYMENT_TARGET = 13.4;
				MTL_ENABLE_DEBUG_INFO = NO;
				MTL_FAST_MATH = YES;
				SDKROOT = iphoneos;
				SWIFT_COMPILATION_MODE = wholemodule;
				SWIFT_OPTIMIZATION_LEVEL = "-O";
				VALIDATE_PRODUCT = YES;
			};
			name = Release;
		};
		13BF05D52489B91E00EBB375 /* Debug */ = {
			isa = XCBuildConfiguration;
			buildSettings = {
				ASSETCATALOG_COMPILER_APPICON_NAME = AppIcon;
				CODE_SIGN_STYLE = Automatic;
				DEVELOPMENT_ASSET_PATHS = "\"SwiftUICharts/Preview Content\"";
				DEVELOPMENT_TEAM = 367JJW9WY5;
				ENABLE_PREVIEWS = YES;
				INFOPLIST_FILE = SwiftUICharts/Info.plist;
				LD_RUNPATH_SEARCH_PATHS = (
					"$(inherited)",
					"@executable_path/Frameworks",
				);
				PRODUCT_BUNDLE_IDENTIFIER = me.jiho.SwiftUICharts;
				PRODUCT_NAME = "$(TARGET_NAME)";
				SWIFT_VERSION = 5.0;
				TARGETED_DEVICE_FAMILY = "1,2";
			};
			name = Debug;
		};
		13BF05D62489B91E00EBB375 /* Release */ = {
			isa = XCBuildConfiguration;
			buildSettings = {
				ASSETCATALOG_COMPILER_APPICON_NAME = AppIcon;
				CODE_SIGN_STYLE = Automatic;
				DEVELOPMENT_ASSET_PATHS = "\"SwiftUICharts/Preview Content\"";
				DEVELOPMENT_TEAM = 367JJW9WY5;
				ENABLE_PREVIEWS = YES;
				INFOPLIST_FILE = SwiftUICharts/Info.plist;
				LD_RUNPATH_SEARCH_PATHS = (
					"$(inherited)",
					"@executable_path/Frameworks",
				);
				PRODUCT_BUNDLE_IDENTIFIER = me.jiho.SwiftUICharts;
				PRODUCT_NAME = "$(TARGET_NAME)";
				SWIFT_VERSION = 5.0;
				TARGETED_DEVICE_FAMILY = "1,2";
			};
			name = Release;
		};
/* End XCBuildConfiguration section */

/* Begin XCConfigurationList section */
		13BF05BB2489B91A00EBB375 /* Build configuration list for PBXProject "SwiftUICharts" */ = {
			isa = XCConfigurationList;
			buildConfigurations = (
				13BF05D22489B91E00EBB375 /* Debug */,
				13BF05D32489B91E00EBB375 /* Release */,
			);
			defaultConfigurationIsVisible = 0;
			defaultConfigurationName = Release;
		};
		13BF05D42489B91E00EBB375 /* Build configuration list for PBXNativeTarget "SwiftUICharts" */ = {
			isa = XCConfigurationList;
			buildConfigurations = (
				13BF05D52489B91E00EBB375 /* Debug */,
				13BF05D62489B91E00EBB375 /* Release */,
			);
			defaultConfigurationIsVisible = 0;
			defaultConfigurationName = Release;
		};
/* End XCConfigurationList section */
	};
	rootObject = 13BF05B82489B91A00EBB375 /* Project object */;
}
